
Microsoft Visual Studio Solution File, Format Version 12.00
# Visual Studio Version 17
VisualStudioVersion = 17.9.34728.123
MinimumVisualStudioVersion = 10.0.40219.1
Project("{FAE04EC0-301F-11D3-BF4B-00C04F79EFBC}") = "CrudUsingWebAPI", "CrudUsingWebAPI.csproj", "{522C350C-C2F8-489C-88B1-3B4C4850B1D5}"
EndProject
Global
	GlobalSection(SolutionConfigurationPlatforms) = preSolution
		Debug|Any CPU = Debug|Any CPU
		Release|Any CPU = Release|Any CPU
	EndGlobalSection
	GlobalSection(ProjectConfigurationPlatforms) = postSolution
		{522C350C-C2F8-489C-88B1-3B4C4850B1D5}.Debug|Any CPU.ActiveCfg = Debug|Any CPU
		{522C350C-C2F8-489C-88B1-3B4C4850B1D5}.Debug|Any CPU.Build.0 = Debug|Any CPU
		{522C350C-C2F8-489C-88B1-3B4C4850B1D5}.Release|Any CPU.ActiveCfg = Release|Any CPU
		{522C350C-C2F8-489C-88B1-3B4C4850B1D5}.Release|Any CPU.Build.0 = Release|Any CPU
	EndGlobalSection
	GlobalSection(SolutionProperties) = preSolution
		HideSolutionNode = FALSE
	EndGlobalSection
	GlobalSection(ExtensibilityGlobals) = postSolution
		SolutionGuid = {E45EAD0C-291C-4EB2-B9A6-8FAB6E340FBD}
	EndGlobalSection
EndGlobal
