
Microsoft Visual Studio Solution File, Format Version 12.00
# Visual Studio Version 17
VisualStudioVersion = 17.9.34728.123
MinimumVisualStudioVersion = 10.0.40219.1
Project("{FAE04EC0-301F-11D3-BF4B-00C04F79EFBC}") = "AsssignmentNo-5.NetCore", "AsssignmentNo-5.NetCore.csproj", "{17FA80B1-32FE-49D1-BABA-FA2DA2443888}"
EndProject
Global
	GlobalSection(SolutionConfigurationPlatforms) = preSolution
		Debug|Any CPU = Debug|Any CPU
		Release|Any CPU = Release|Any CPU
	EndGlobalSection
	GlobalSection(ProjectConfigurationPlatforms) = postSolution
		{17FA80B1-32FE-49D1-BABA-FA2DA2443888}.Debug|Any CPU.ActiveCfg = Debug|Any CPU
		{17FA80B1-32FE-49D1-BABA-FA2DA2443888}.Debug|Any CPU.Build.0 = Debug|Any CPU
		{17FA80B1-32FE-49D1-BABA-FA2DA2443888}.Release|Any CPU.ActiveCfg = Release|Any CPU
		{17FA80B1-32FE-49D1-BABA-FA2DA2443888}.Release|Any CPU.Build.0 = Release|Any CPU
	EndGlobalSection
	GlobalSection(SolutionProperties) = preSolution
		HideSolutionNode = FALSE
	EndGlobalSection
	GlobalSection(ExtensibilityGlobals) = postSolution
		SolutionGuid = {6118956D-FC92-4057-B204-47DF11D54DC6}
	EndGlobalSection
EndGlobal
