
Microsoft Visual Studio Solution File, Format Version 12.00
# Visual Studio Version 17
VisualStudioVersion = 17.9.34728.123
MinimumVisualStudioVersion = 10.0.40219.1
Project("{FAE04EC0-301F-11D3-BF4B-00C04F79EFBC}") = "Assignment1", "Assignment1\Assignment1.csproj", "{1BE33125-EE79-4867-B7E9-9901240F9BFC}"
EndProject
Global
	GlobalSection(SolutionConfigurationPlatforms) = preSolution
		Debug|Any CPU = Debug|Any CPU
		Release|Any CPU = Release|Any CPU
	EndGlobalSection
	GlobalSection(ProjectConfigurationPlatforms) = postSolution
		{1BE33125-EE79-4867-B7E9-9901240F9BFC}.Debug|Any CPU.ActiveCfg = Debug|Any CPU
		{1BE33125-EE79-4867-B7E9-9901240F9BFC}.Debug|Any CPU.Build.0 = Debug|Any CPU
		{1BE33125-EE79-4867-B7E9-9901240F9BFC}.Release|Any CPU.ActiveCfg = Release|Any CPU
		{1BE33125-EE79-4867-B7E9-9901240F9BFC}.Release|Any CPU.Build.0 = Release|Any CPU
	EndGlobalSection
	GlobalSection(SolutionProperties) = preSolution
		HideSolutionNode = FALSE
	EndGlobalSection
	GlobalSection(ExtensibilityGlobals) = postSolution
		SolutionGuid = {6402A115-49A2-46E5-81CF-DDA7F570CA91}
	EndGlobalSection
EndGlobal
